{
  "name": "codex-mesh",
  "version": "0.1.2",
  "lockfileVersion": 3,
  "requires": true,
  "packages": {
    "": {
      "name": "codex-mesh",
      "version": "0.1.2",
      "license": "Apache-2.0",
      "bin": {
        "codex-mesh-agent": "src/agent/main.mjs",
        "codex-mesh-hub": "src/hub/main.mjs",
        "codex-mesh-mcp": "src/mcp/server.mjs",
        "mesh-agent": "src/agent/main.mjs",
        "mesh-hub": "src/hub/main.mjs",
        "mesh-mcp": "src/mcp/server.mjs",
        "meshctl": "src/cli/main.mjs"
      },
      "engines": {
        "node": ">=20"
      }
    }
  }
}
